// !$*UTF8*$!
{
	archiveVersion = 1;
	classes = {
	};
	objectVersion = 55;
	objects = {

/* Begin PBXBuildFile section */
		056B930F5511BEE31CC5F7DC /* Pods_travelPlanner_travelPlannerUITests.framework in Frameworks */ = {isa = PBXBuildFile; fileRef = A9A14484C00131CC510E1369 /* Pods_travelPlanner_travelPlannerUITests.framework */; };
		640DB4280EDFD41B05A99B8B /* Pods_travelPlannerTests.framework in Frameworks */ = {isa = PBXBuildFile; fileRef = C272DF6323BB0EEBFF242335 /* Pods_travelPlannerTests.framework */; };
		A3026AC827ACAAAD7762D9B6 /* Pods_travelPlanner.framework in Frameworks */ = {isa = PBXBuildFile; fileRef = FA269EE1D79FF13D19EACF42 /* Pods_travelPlanner.framework */; };
		E271530527A26127000ADE63 /* AppDelegate.swift in Sources */ = {isa = PBXBuildFile; fileRef = E271530427A26127000ADE63 /* AppDelegate.swift */; };
		E271530727A26127000ADE63 /* SceneDelegate.swift in Sources */ = {isa = PBXBuildFile; fileRef = E271530627A26127000ADE63 /* SceneDelegate.swift */; };
		E271530927A26127000ADE63 /* ViewController.swift in Sources */ = {isa = PBXBuildFile; fileRef = E271530827A26127000ADE63 /* ViewController.swift */; };
		E271530C27A26127000ADE63 /* Main.storyboard in Resources */ = {isa = PBXBuildFile; fileRef = E271530A27A26127000ADE63 /* Main.storyboard */; };
		E271530F27A26127000ADE63 /* travelPlanner.xcdatamodeld in Sources */ = {isa = PBXBuildFile; fileRef = E271530D27A26127000ADE63 /* travelPlanner.xcdatamodeld */; };
		E271531127A26129000ADE63 /* Assets.xcassets in Resources */ = {isa = PBXBuildFile; fileRef = E271531027A26129000ADE63 /* Assets.xcassets */; };
		E271531427A26129000ADE63 /* LaunchScreen.storyboard in Resources */ = {isa = PBXBuildFile; fileRef = E271531227A26129000ADE63 /* LaunchScreen.storyboard */; };
		E271531F27A2612A000ADE63 /* travelPlannerTests.swift in Sources */ = {isa = PBXBuildFile; fileRef = E271531E27A2612A000ADE63 /* travelPlannerTests.swift */; };
		E271532927A2612A000ADE63 /* travelPlannerUITests.swift in Sources */ = {isa = PBXBuildFile; fileRef = E271532827A2612A000ADE63 /* travelPlannerUITests.swift */; };
		E271532B27A2612A000ADE63 /* travelPlannerUITestsLaunchTests.swift in Sources */ = {isa = PBXBuildFile; fileRef = E271532A27A2612A000ADE63 /* travelPlannerUITestsLaunchTests.swift */; };
		E2F5B8BD27A66181007AC353 /* buttonInspectable.swift in Sources */ = {isa = PBXBuildFile; fileRef = E2F5B8BC27A66181007AC353 /* buttonInspectable.swift */; };
		E2F5B8C027A66500007AC353 /* homeTabViewController.swift in Sources */ = {isa = PBXBuildFile; fileRef = E2F5B8BF27A664FF007AC353 /* homeTabViewController.swift */; };
		E2F5B8C327A666E4007AC353 /* ImageGliderCollectionViewCell.swift in Sources */ = {isa = PBXBuildFile; fileRef = E2F5B8C227A666E4007AC353 /* ImageGliderCollectionViewCell.swift */; };
/* End PBXBuildFile section */

/* Begin PBXContainerItemProxy section */
		E271531B27A2612A000ADE63 /* PBXContainerItemProxy */ = {
			isa = PBXContainerItemProxy;
			containerPortal = E27152F927A26127000ADE63 /* Project object */;
			proxyType = 1;
			remoteGlobalIDString = E271530027A26127000ADE63;
			remoteInfo = travelPlanner;
		};
		E271532527A2612A000ADE63 /* PBXContainerItemProxy */ = {
			isa = PBXContainerItemProxy;
			containerPortal = E27152F927A26127000ADE63 /* Project object */;
			proxyType = 1;
			remoteGlobalIDString = E271530027A26127000ADE63;
			remoteInfo = travelPlanner;
		};
/* End PBXContainerItemProxy section */

/* Begin PBXFileReference section */
		57CCD689BA468A9F828721E3 /* Pods-travelPlannerTests.release.xcconfig */ = {isa = PBXFileReference; includeInIndex = 1; lastKnownFileType = text.xcconfig; name = "Pods-travelPlannerTests.release.xcconfig"; path = "Target Support Files/Pods-travelPlannerTests/Pods-travelPlannerTests.release.xcconfig"; sourceTree = "<group>"; };
		7557131C1B74E7C8F9EDF035 /* Pods-travelPlannerTests.debug.xcconfig */ = {isa = PBXFileReference; includeInIndex = 1; lastKnownFileType = text.xcconfig; name = "Pods-travelPlannerTests.debug.xcconfig"; path = "Target Support Files/Pods-travelPlannerTests/Pods-travelPlannerTests.debug.xcconfig"; sourceTree = "<group>"; };
		96190EAEF7C15CE39E074992 /* Pods-travelPlanner-travelPlannerUITests.debug.xcconfig */ = {isa = PBXFileReference; includeInIndex = 1; lastKnownFileType = text.xcconfig; name = "Pods-travelPlanner-travelPlannerUITests.debug.xcconfig"; path = "Target Support Files/Pods-travelPlanner-travelPlannerUITests/Pods-travelPlanner-travelPlannerUITests.debug.xcconfig"; sourceTree = "<group>"; };
		A12056938314E0C11A2D8481 /* Pods-travelPlanner-travelPlannerUITests.release.xcconfig */ = {isa = PBXFileReference; includeInIndex = 1; lastKnownFileType = text.xcconfig; name = "Pods-travelPlanner-travelPlannerUITests.release.xcconfig"; path = "Target Support Files/Pods-travelPlanner-travelPlannerUITests/Pods-travelPlanner-travelPlannerUITests.release.xcconfig"; sourceTree = "<group>"; };
		A9A14484C00131CC510E1369 /* Pods_travelPlanner_travelPlannerUITests.framework */ = {isa = PBXFileReference; explicitFileType = wrapper.framework; includeInIndex = 0; path = Pods_travelPlanner_travelPlannerUITests.framework; sourceTree = BUILT_PRODUCTS_DIR; };
		C272DF6323BB0EEBFF242335 /* Pods_travelPlannerTests.framework */ = {isa = PBXFileReference; explicitFileType = wrapper.framework; includeInIndex = 0; path = Pods_travelPlannerTests.framework; sourceTree = BUILT_PRODUCTS_DIR; };
		D6F9D5C7849B9CDF60F675B4 /* Pods-travelPlanner.release.xcconfig */ = {isa = PBXFileReference; includeInIndex = 1; lastKnownFileType = text.xcconfig; name = "Pods-travelPlanner.release.xcconfig"; path = "Target Support Files/Pods-travelPlanner/Pods-travelPlanner.release.xcconfig"; sourceTree = "<group>"; };
		E271530127A26127000ADE63 /* travelPlanner.app */ = {isa = PBXFileReference; explicitFileType = wrapper.application; includeInIndex = 0; path = travelPlanner.app; sourceTree = BUILT_PRODUCTS_DIR; };
		E271530427A26127000ADE63 /* AppDelegate.swift */ = {isa = PBXFileReference; lastKnownFileType = sourcecode.swift; path = AppDelegate.swift; sourceTree = "<group>"; };
		E271530627A26127000ADE63 /* SceneDelegate.swift */ = {isa = PBXFileReference; lastKnownFileType = sourcecode.swift; path = SceneDelegate.swift; sourceTree = "<group>"; };
		E271530827A26127000ADE63 /* ViewController.swift */ = {isa = PBXFileReference; lastKnownFileType = sourcecode.swift; path = ViewController.swift; sourceTree = "<group>"; };
		E271530B27A26127000ADE63 /* Base */ = {isa = PBXFileReference; lastKnownFileType = file.storyboard; name = Base; path = Base.lproj/Main.storyboard; sourceTree = "<group>"; };
		E271530E27A26127000ADE63 /* travelPlanner.xcdatamodel */ = {isa = PBXFileReference; lastKnownFileType = wrapper.xcdatamodel; path = travelPlanner.xcdatamodel; sourceTree = "<group>"; };
		E271531027A26129000ADE63 /* Assets.xcassets */ = {isa = PBXFileReference; lastKnownFileType = folder.assetcatalog; path = Assets.xcassets; sourceTree = "<group>"; };
		E271531327A26129000ADE63 /* Base */ = {isa = PBXFileReference; lastKnownFileType = file.storyboard; name = Base; path = Base.lproj/LaunchScreen.storyboard; sourceTree = "<group>"; };
		E271531527A26129000ADE63 /* Info.plist */ = {isa = PBXFileReference; lastKnownFileType = text.plist.xml; path = Info.plist; sourceTree = "<group>"; };
		E271531A27A2612A000ADE63 /* travelPlannerTests.xctest */ = {isa = PBXFileReference; explicitFileType = wrapper.cfbundle; includeInIndex = 0; path = travelPlannerTests.xctest; sourceTree = BUILT_PRODUCTS_DIR; };
		E271531E27A2612A000ADE63 /* travelPlannerTests.swift */ = {isa = PBXFileReference; lastKnownFileType = sourcecode.swift; path = travelPlannerTests.swift; sourceTree = "<group>"; };
		E271532427A2612A000ADE63 /* travelPlannerUITests.xctest */ = {isa = PBXFileReference; explicitFileType = wrapper.cfbundle; includeInIndex = 0; path = travelPlannerUITests.xctest; sourceTree = BUILT_PRODUCTS_DIR; };
		E271532827A2612A000ADE63 /* travelPlannerUITests.swift */ = {isa = PBXFileReference; lastKnownFileType = sourcecode.swift; path = travelPlannerUITests.swift; sourceTree = "<group>"; };
		E271532A27A2612A000ADE63 /* travelPlannerUITestsLaunchTests.swift */ = {isa = PBXFileReference; lastKnownFileType = sourcecode.swift; path = travelPlannerUITestsLaunchTests.swift; sourceTree = "<group>"; };
		E2F5B8BC27A66181007AC353 /* buttonInspectable.swift */ = {isa = PBXFileReference; lastKnownFileType = sourcecode.swift; path = buttonInspectable.swift; sourceTree = "<group>"; };
		E2F5B8BF27A664FF007AC353 /* homeTabViewController.swift */ = {isa = PBXFileReference; lastKnownFileType = sourcecode.swift; path = homeTabViewController.swift; sourceTree = "<group>"; };
		E2F5B8C227A666E4007AC353 /* ImageGliderCollectionViewCell.swift */ = {isa = PBXFileReference; lastKnownFileType = sourcecode.swift; path = ImageGliderCollectionViewCell.swift; sourceTree = "<group>"; };
		E4FF5B4D757F3CA46E0CE23A /* Pods-travelPlanner.debug.xcconfig */ = {isa = PBXFileReference; includeInIndex = 1; lastKnownFileType = text.xcconfig; name = "Pods-travelPlanner.debug.xcconfig"; path = "Target Support Files/Pods-travelPlanner/Pods-travelPlanner.debug.xcconfig"; sourceTree = "<group>"; };
		FA269EE1D79FF13D19EACF42 /* Pods_travelPlanner.framework */ = {isa = PBXFileReference; explicitFileType = wrapper.framework; includeInIndex = 0; path = Pods_travelPlanner.framework; sourceTree = BUILT_PRODUCTS_DIR; };
/* End PBXFileReference section */

/* Begin PBXFrameworksBuildPhase section */
		E27152FE27A26127000ADE63 /* Frameworks */ = {
			isa = PBXFrameworksBuildPhase;
			buildActionMask = 2147483647;
			files = (
				A3026AC827ACAAAD7762D9B6 /* Pods_travelPlanner.framework in Frameworks */,
			);
			runOnlyForDeploymentPostprocessing = 0;
		};
		E271531727A2612A000ADE63 /* Frameworks */ = {
			isa = PBXFrameworksBuildPhase;
			buildActionMask = 2147483647;
			files = (
				640DB4280EDFD41B05A99B8B /* Pods_travelPlannerTests.framework in Frameworks */,
			);
			runOnlyForDeploymentPostprocessing = 0;
		};
		E271532127A2612A000ADE63 /* Frameworks */ = {
			isa = PBXFrameworksBuildPhase;
			buildActionMask = 2147483647;
			files = (
				056B930F5511BEE31CC5F7DC /* Pods_travelPlanner_travelPlannerUITests.framework in Frameworks */,
			);
			runOnlyForDeploymentPostprocessing = 0;
		};
/* End PBXFrameworksBuildPhase section */

/* Begin PBXGroup section */
		01A9BA3DCFB317516C8D9894 /* Frameworks */ = {
			isa = PBXGroup;
			children = (
				FA269EE1D79FF13D19EACF42 /* Pods_travelPlanner.framework */,
				A9A14484C00131CC510E1369 /* Pods_travelPlanner_travelPlannerUITests.framework */,
				C272DF6323BB0EEBFF242335 /* Pods_travelPlannerTests.framework */,
			);
			name = Frameworks;
			sourceTree = "<group>";
		};
		E27152F827A26127000ADE63 = {
			isa = PBXGroup;
			children = (
				E271530327A26127000ADE63 /* travelPlanner */,
				E271531D27A2612A000ADE63 /* travelPlannerTests */,
				E271532727A2612A000ADE63 /* travelPlannerUITests */,
				E271530227A26127000ADE63 /* Products */,
				E663E1D693DE0C3BCB9F3012 /* Pods */,
				01A9BA3DCFB317516C8D9894 /* Frameworks */,
			);
			sourceTree = "<group>";
		};
		E271530227A26127000ADE63 /* Products */ = {
			isa = PBXGroup;
			children = (
				E271530127A26127000ADE63 /* travelPlanner.app */,
				E271531A27A2612A000ADE63 /* travelPlannerTests.xctest */,
				E271532427A2612A000ADE63 /* travelPlannerUITests.xctest */,
			);
			name = Products;
			sourceTree = "<group>";
		};
		E271530327A26127000ADE63 /* travelPlanner */ = {
			isa = PBXGroup;
			children = (
				E2F5B8BE27A664E3007AC353 /* Home */,
				E2F5B8BA27A6611E007AC353 /* Helper */,
				E271530427A26127000ADE63 /* AppDelegate.swift */,
				E271530627A26127000ADE63 /* SceneDelegate.swift */,
				E271530827A26127000ADE63 /* ViewController.swift */,
				E271530A27A26127000ADE63 /* Main.storyboard */,
				E271531027A26129000ADE63 /* Assets.xcassets */,
				E271531227A26129000ADE63 /* LaunchScreen.storyboard */,
				E271531527A26129000ADE63 /* Info.plist */,
				E271530D27A26127000ADE63 /* travelPlanner.xcdatamodeld */,
			);
			path = travelPlanner;
			sourceTree = "<group>";
		};
		E271531D27A2612A000ADE63 /* travelPlannerTests */ = {
			isa = PBXGroup;
			children = (
				E271531E27A2612A000ADE63 /* travelPlannerTests.swift */,
			);
			path = travelPlannerTests;
			sourceTree = "<group>";
		};
		E271532727A2612A000ADE63 /* travelPlannerUITests */ = {
			isa = PBXGroup;
			children = (
				E271532827A2612A000ADE63 /* travelPlannerUITests.swift */,
				E271532A27A2612A000ADE63 /* travelPlannerUITestsLaunchTests.swift */,
			);
			path = travelPlannerUITests;
			sourceTree = "<group>";
		};
		E2F5B8BA27A6611E007AC353 /* Helper */ = {
			isa = PBXGroup;
			children = (
				E2F5B8BB27A6616E007AC353 /* Buttons */,
			);
			path = Helper;
			sourceTree = "<group>";
		};
		E2F5B8BB27A6616E007AC353 /* Buttons */ = {
			isa = PBXGroup;
			children = (
				E2F5B8BC27A66181007AC353 /* buttonInspectable.swift */,
			);
			path = Buttons;
			sourceTree = "<group>";
		};
		E2F5B8BE27A664E3007AC353 /* Home */ = {
			isa = PBXGroup;
			children = (
				E2F5B8C127A666B1007AC353 /* view */,
				E2F5B8BF27A664FF007AC353 /* homeTabViewController.swift */,
			);
			path = Home;
			sourceTree = "<group>";
		};
		E2F5B8C127A666B1007AC353 /* view */ = {
			isa = PBXGroup;
			children = (
				E2F5B8C227A666E4007AC353 /* ImageGliderCollectionViewCell.swift */,
			);
			path = view;
			sourceTree = "<group>";
		};
		E663E1D693DE0C3BCB9F3012 /* Pods */ = {
			isa = PBXGroup;
			children = (
				E4FF5B4D757F3CA46E0CE23A /* Pods-travelPlanner.debug.xcconfig */,
				D6F9D5C7849B9CDF60F675B4 /* Pods-travelPlanner.release.xcconfig */,
				96190EAEF7C15CE39E074992 /* Pods-travelPlanner-travelPlannerUITests.debug.xcconfig */,
				A12056938314E0C11A2D8481 /* Pods-travelPlanner-travelPlannerUITests.release.xcconfig */,
				7557131C1B74E7C8F9EDF035 /* Pods-travelPlannerTests.debug.xcconfig */,
				57CCD689BA468A9F828721E3 /* Pods-travelPlannerTests.release.xcconfig */,
			);
			name = Pods;
			path = Pods;
			sourceTree = "<group>";
		};
/* End PBXGroup section */

/* Begin PBXNativeTarget section */
		E271530027A26127000ADE63 /* travelPlanner */ = {
			isa = PBXNativeTarget;
			buildConfigurationList = E271532E27A2612A000ADE63 /* Build configuration list for PBXNativeTarget "travelPlanner" */;
			buildPhases = (
				D73AE6A5262E7ECFC439A5AC /* [CP] Check Pods Manifest.lock */,
				E27152FD27A26127000ADE63 /* Sources */,
				E27152FE27A26127000ADE63 /* Frameworks */,
				E27152FF27A26127000ADE63 /* Resources */,
				9B5E36D1456F132AD6B3D920 /* [CP] Embed Pods Frameworks */,
			);
			buildRules = (
			);
			dependencies = (
			);
			name = travelPlanner;
			productName = travelPlanner;
			productReference = E271530127A26127000ADE63 /* travelPlanner.app */;
			productType = "com.apple.product-type.application";
		};
		E271531927A2612A000ADE63 /* travelPlannerTests */ = {
			isa = PBXNativeTarget;
			buildConfigurationList = E271533127A2612A000ADE63 /* Build configuration list for PBXNativeTarget "travelPlannerTests" */;
			buildPhases = (
				4F84650CE883EA9C0D9D7D20 /* [CP] Check Pods Manifest.lock */,
				E271531627A2612A000ADE63 /* Sources */,
				E271531727A2612A000ADE63 /* Frameworks */,
				E271531827A2612A000ADE63 /* Resources */,
			);
			buildRules = (
			);
			dependencies = (
				E271531C27A2612A000ADE63 /* PBXTargetDependency */,
			);
			name = travelPlannerTests;
			productName = travelPlannerTests;
			productReference = E271531A27A2612A000ADE63 /* travelPlannerTests.xctest */;
			productType = "com.apple.product-type.bundle.unit-test";
		};
		E271532327A2612A000ADE63 /* travelPlannerUITests */ = {
			isa = PBXNativeTarget;
			buildConfigurationList = E271533427A2612A000ADE63 /* Build configuration list for PBXNativeTarget "travelPlannerUITests" */;
			buildPhases = (
				76AE2EB1A09687DB63C774CA /* [CP] Check Pods Manifest.lock */,
				E271532027A2612A000ADE63 /* Sources */,
				E271532127A2612A000ADE63 /* Frameworks */,
				E271532227A2612A000ADE63 /* Resources */,
				7E28225AF3A4AF1A14B7045C /* [CP] Embed Pods Frameworks */,
			);
			buildRules = (
			);
			dependencies = (
				E271532627A2612A000ADE63 /* PBXTargetDependency */,
			);
			name = travelPlannerUITests;
			productName = travelPlannerUITests;
			productReference = E271532427A2612A000ADE63 /* travelPlannerUITests.xctest */;
			productType = "com.apple.product-type.bundle.ui-testing";
		};
/* End PBXNativeTarget section */

/* Begin PBXProject section */
		E27152F927A26127000ADE63 /* Project object */ = {
			isa = PBXProject;
			attributes = {
				BuildIndependentTargetsInParallel = 1;
				LastSwiftUpdateCheck = 1310;
				LastUpgradeCheck = 1310;
				TargetAttributes = {
					E271530027A26127000ADE63 = {
						CreatedOnToolsVersion = 13.1;
					};
					E271531927A2612A000ADE63 = {
						CreatedOnToolsVersion = 13.1;
						TestTargetID = E271530027A26127000ADE63;
					};
					E271532327A2612A000ADE63 = {
						CreatedOnToolsVersion = 13.1;
						TestTargetID = E271530027A26127000ADE63;
					};
				};
			};
			buildConfigurationList = E27152FC27A26127000ADE63 /* Build configuration list for PBXProject "travelPlanner" */;
			compatibilityVersion = "Xcode 13.0";
			developmentRegion = en;
			hasScannedForEncodings = 0;
			knownRegions = (
				en,
				Base,
			);
			mainGroup = E27152F827A26127000ADE63;
			productRefGroup = E271530227A26127000ADE63 /* Products */;
			projectDirPath = "";
			projectRoot = "";
			targets = (
				E271530027A26127000ADE63 /* travelPlanner */,
				E271531927A2612A000ADE63 /* travelPlannerTests */,
				E271532327A2612A000ADE63 /* travelPlannerUITests */,
			);
		};
/* End PBXProject section */

/* Begin PBXResourcesBuildPhase section */
		E27152FF27A26127000ADE63 /* Resources */ = {
			isa = PBXResourcesBuildPhase;
			buildActionMask = 2147483647;
			files = (
				E271531427A26129000ADE63 /* LaunchScreen.storyboard in Resources */,
				E271531127A26129000ADE63 /* Assets.xcassets in Resources */,
				E271530C27A26127000ADE63 /* Main.storyboard in Resources */,
			);
			runOnlyForDeploymentPostprocessing = 0;
		};
		E271531827A2612A000ADE63 /* Resources */ = {
			isa = PBXResourcesBuildPhase;
			buildActionMask = 2147483647;
			files = (
			);
			runOnlyForDeploymentPostprocessing = 0;
		};
		E271532227A2612A000ADE63 /* Resources */ = {
			isa = PBXResourcesBuildPhase;
			buildActionMask = 2147483647;
			files = (
			);
			runOnlyForDeploymentPostprocessing = 0;
		};
/* End PBXResourcesBuildPhase section */

/* Begin PBXShellScriptBuildPhase section */
		4F84650CE883EA9C0D9D7D20 /* [CP] Check Pods Manifest.lock */ = {
			isa = PBXShellScriptBuildPhase;
			buildActionMask = 2147483647;
			files = (
			);
			inputFileListPaths = (
			);
			inputPaths = (
				"${PODS_PODFILE_DIR_PATH}/Podfile.lock",
				"${PODS_ROOT}/Manifest.lock",
			);
			name = "[CP] Check Pods Manifest.lock";
			outputFileListPaths = (
			);
			outputPaths = (
				"$(DERIVED_FILE_DIR)/Pods-travelPlannerTests-checkManifestLockResult.txt",
			);
			runOnlyForDeploymentPostprocessing = 0;
			shellPath = /bin/sh;
			shellScript = "diff \"${PODS_PODFILE_DIR_PATH}/Podfile.lock\" \"${PODS_ROOT}/Manifest.lock\" > /dev/null\nif [ $? != 0 ] ; then\n    # print error to STDERR\n    echo \"error: The sandbox is not in sync with the Podfile.lock. Run 'pod install' or update your CocoaPods installation.\" >&2\n    exit 1\nfi\n# This output is used by Xcode 'outputs' to avoid re-running this script phase.\necho \"SUCCESS\" > \"${SCRIPT_OUTPUT_FILE_0}\"\n";
			showEnvVarsInLog = 0;
		};
		76AE2EB1A09687DB63C774CA /* [CP] Check Pods Manifest.lock */ = {
			isa = PBXShellScriptBuildPhase;
			buildActionMask = 2147483647;
			files = (
			);
			inputFileListPaths = (
			);
			inputPaths = (
				"${PODS_PODFILE_DIR_PATH}/Podfile.lock",
				"${PODS_ROOT}/Manifest.lock",
			);
			name = "[CP] Check Pods Manifest.lock";
			outputFileListPaths = (
			);
			outputPaths = (
				"$(DERIVED_FILE_DIR)/Pods-travelPlanner-travelPlannerUITests-checkManifestLockResult.txt",
			);
			runOnlyForDeploymentPostprocessing = 0;
			shellPath = /bin/sh;
			shellScript = "diff \"${PODS_PODFILE_DIR_PATH}/Podfile.lock\" \"${PODS_ROOT}/Manifest.lock\" > /dev/null\nif [ $? != 0 ] ; then\n    # print error to STDERR\n    echo \"error: The sandbox is not in sync with the Podfile.lock. Run 'pod install' or update your CocoaPods installation.\" >&2\n    exit 1\nfi\n# This output is used by Xcode 'outputs' to avoid re-running this script phase.\necho \"SUCCESS\" > \"${SCRIPT_OUTPUT_FILE_0}\"\n";
			showEnvVarsInLog = 0;
		};
		7E28225AF3A4AF1A14B7045C /* [CP] Embed Pods Frameworks */ = {
			isa = PBXShellScriptBuildPhase;
			buildActionMask = 2147483647;
			files = (
			);
			inputFileListPaths = (
				"${PODS_ROOT}/Target Support Files/Pods-travelPlanner-travelPlannerUITests/Pods-travelPlanner-travelPlannerUITests-frameworks-${CONFIGURATION}-input-files.xcfilelist",
			);
			name = "[CP] Embed Pods Frameworks";
			outputFileListPaths = (
				"${PODS_ROOT}/Target Support Files/Pods-travelPlanner-travelPlannerUITests/Pods-travelPlanner-travelPlannerUITests-frameworks-${CONFIGURATION}-output-files.xcfilelist",
			);
			runOnlyForDeploymentPostprocessing = 0;
			shellPath = /bin/sh;
			shellScript = "\"${PODS_ROOT}/Target Support Files/Pods-travelPlanner-travelPlannerUITests/Pods-travelPlanner-travelPlannerUITests-frameworks.sh\"\n";
			showEnvVarsInLog = 0;
		};
		9B5E36D1456F132AD6B3D920 /* [CP] Embed Pods Frameworks */ = {
			isa = PBXShellScriptBuildPhase;
			buildActionMask = 2147483647;
			files = (
			);
			inputFileListPaths = (
				"${PODS_ROOT}/Target Support Files/Pods-travelPlanner/Pods-travelPlanner-frameworks-${CONFIGURATION}-input-files.xcfilelist",
			);
			name = "[CP] Embed Pods Frameworks";
			outputFileListPaths = (
				"${PODS_ROOT}/Target Support Files/Pods-travelPlanner/Pods-travelPlanner-frameworks-${CONFIGURATION}-output-files.xcfilelist",
			);
			runOnlyForDeploymentPostprocessing = 0;
			shellPath = /bin/sh;
			shellScript = "\"${PODS_ROOT}/Target Support Files/Pods-travelPlanner/Pods-travelPlanner-frameworks.sh\"\n";
			showEnvVarsInLog = 0;
		};
		D73AE6A5262E7ECFC439A5AC /* [CP] Check Pods Manifest.lock */ = {
			isa = PBXShellScriptBuildPhase;
			buildActionMask = 2147483647;
			files = (
			);
			inputFileListPaths = (
			);
			inputPaths = (
				"${PODS_PODFILE_DIR_PATH}/Podfile.lock",
				"${PODS_ROOT}/Manifest.lock",
			);
			name = "[CP] Check Pods Manifest.lock";
			outputFileListPaths = (
			);
			outputPaths = (
				"$(DERIVED_FILE_DIR)/Pods-travelPlanner-checkManifestLockResult.txt",
			);
			runOnlyForDeploymentPostprocessing = 0;
			shellPath = /bin/sh;
			shellScript = "diff \"${PODS_PODFILE_DIR_PATH}/Podfile.lock\" \"${PODS_ROOT}/Manifest.lock\" > /dev/null\nif [ $? != 0 ] ; then\n    # print error to STDERR\n    echo \"error: The sandbox is not in sync with the Podfile.lock. Run 'pod install' or update your CocoaPods installation.\" >&2\n    exit 1\nfi\n# This output is used by Xcode 'outputs' to avoid re-running this script phase.\necho \"SUCCESS\" > \"${SCRIPT_OUTPUT_FILE_0}\"\n";
			showEnvVarsInLog = 0;
		};
/* End PBXShellScriptBuildPhase section */

/* Begin PBXSourcesBuildPhase section */
		E27152FD27A26127000ADE63 /* Sources */ = {
			isa = PBXSourcesBuildPhase;
			buildActionMask = 2147483647;
			files = (
				E271530F27A26127000ADE63 /* travelPlanner.xcdatamodeld in Sources */,
				E2F5B8C327A666E4007AC353 /* ImageGliderCollectionViewCell.swift in Sources */,
				E2F5B8C027A66500007AC353 /* homeTabViewController.swift in Sources */,
				E271530927A26127000ADE63 /* ViewController.swift in Sources */,
				E2F5B8BD27A66181007AC353 /* buttonInspectable.swift in Sources */,
				E271530527A26127000ADE63 /* AppDelegate.swift in Sources */,
				E271530727A26127000ADE63 /* SceneDelegate.swift in Sources */,
			);
			runOnlyForDeploymentPostprocessing = 0;
		};
		E271531627A2612A000ADE63 /* Sources */ = {
			isa = PBXSourcesBuildPhase;
			buildActionMask = 2147483647;
			files = (
				E271531F27A2612A000ADE63 /* travelPlannerTests.swift in Sources */,
			);
			runOnlyForDeploymentPostprocessing = 0;
		};
		E271532027A2612A000ADE63 /* Sources */ = {
			isa = PBXSourcesBuildPhase;
			buildActionMask = 2147483647;
			files = (
				E271532927A2612A000ADE63 /* travelPlannerUITests.swift in Sources */,
				E271532B27A2612A000ADE63 /* travelPlannerUITestsLaunchTests.swift in Sources */,
			);
			runOnlyForDeploymentPostprocessing = 0;
		};
/* End PBXSourcesBuildPhase section */

/* Begin PBXTargetDependency section */
		E271531C27A2612A000ADE63 /* PBXTargetDependency */ = {
			isa = PBXTargetDependency;
			target = E271530027A26127000ADE63 /* travelPlanner */;
			targetProxy = E271531B27A2612A000ADE63 /* PBXContainerItemProxy */;
		};
		E271532627A2612A000ADE63 /* PBXTargetDependency */ = {
			isa = PBXTargetDependency;
			target = E271530027A26127000ADE63 /* travelPlanner */;
			targetProxy = E271532527A2612A000ADE63 /* PBXContainerItemProxy */;
		};
/* End PBXTargetDependency section */

/* Begin PBXVariantGroup section */
		E271530A27A26127000ADE63 /* Main.storyboard */ = {
			isa = PBXVariantGroup;
			children = (
				E271530B27A26127000ADE63 /* Base */,
			);
			name = Main.storyboard;
			sourceTree = "<group>";
		};
		E271531227A26129000ADE63 /* LaunchScreen.storyboard */ = {
			isa = PBXVariantGroup;
			children = (
				E271531327A26129000ADE63 /* Base */,
			);
			name = LaunchScreen.storyboard;
			sourceTree = "<group>";
		};
/* End PBXVariantGroup section */

/* Begin XCBuildConfiguration section */
		E271532C27A2612A000ADE63 /* Debug */ = {
			isa = XCBuildConfiguration;
			buildSettings = {
				ALWAYS_SEARCH_USER_PATHS = NO;
				CLANG_ANALYZER_NONNULL = YES;
				CLANG_ANALYZER_NUMBER_OBJECT_CONVERSION = YES_AGGRESSIVE;
				CLANG_CXX_LANGUAGE_STANDARD = "gnu++17";
				CLANG_CXX_LIBRARY = "libc++";
				CLANG_ENABLE_MODULES = YES;
				CLANG_ENABLE_OBJC_ARC = YES;
				CLANG_ENABLE_OBJC_WEAK = YES;
				CLANG_WARN_BLOCK_CAPTURE_AUTORELEASING = YES;
				CLANG_WARN_BOOL_CONVERSION = YES;
				CLANG_WARN_COMMA = YES;
				CLANG_WARN_CONSTANT_CONVERSION = YES;
				CLANG_WARN_DEPRECATED_OBJC_IMPLEMENTATIONS = YES;
				CLANG_WARN_DIRECT_OBJC_ISA_USAGE = YES_ERROR;
				CLANG_WARN_DOCUMENTATION_COMMENTS = YES;
				CLANG_WARN_EMPTY_BODY = YES;
				CLANG_WARN_ENUM_CONVERSION = YES;
				CLANG_WARN_INFINITE_RECURSION = YES;
				CLANG_WARN_INT_CONVERSION = YES;
				CLANG_WARN_NON_LITERAL_NULL_CONVERSION = YES;
				CLANG_WARN_OBJC_IMPLICIT_RETAIN_SELF = YES;
				CLANG_WARN_OBJC_LITERAL_CONVERSION = YES;
				CLANG_WARN_OBJC_ROOT_CLASS = YES_ERROR;
				CLANG_WARN_QUOTED_INCLUDE_IN_FRAMEWORK_HEADER = YES;
				CLANG_WARN_RANGE_LOOP_ANALYSIS = YES;
				CLANG_WARN_STRICT_PROTOTYPES = YES;
				CLANG_WARN_SUSPICIOUS_MOVE = YES;
				CLANG_WARN_UNGUARDED_AVAILABILITY = YES_AGGRESSIVE;
				CLANG_WARN_UNREACHABLE_CODE = YES;
				CLANG_WARN__DUPLICATE_METHOD_MATCH = YES;
				COPY_PHASE_STRIP = NO;
				DEBUG_INFORMATION_FORMAT = dwarf;
				ENABLE_STRICT_OBJC_MSGSEND = YES;
				ENABLE_TESTABILITY = YES;
				GCC_C_LANGUAGE_STANDARD = gnu11;
				GCC_DYNAMIC_NO_PIC = NO;
				GCC_NO_COMMON_BLOCKS = YES;
				GCC_OPTIMIZATION_LEVEL = 0;
				GCC_PREPROCESSOR_DEFINITIONS = (
					"DEBUG=1",
					"$(inherited)",
				);
				GCC_WARN_64_TO_32_BIT_CONVERSION = YES;
				GCC_WARN_ABOUT_RETURN_TYPE = YES_ERROR;
				GCC_WARN_UNDECLARED_SELECTOR = YES;
				GCC_WARN_UNINITIALIZED_AUTOS = YES_AGGRESSIVE;
				GCC_WARN_UNUSED_FUNCTION = YES;
				GCC_WARN_UNUSED_VARIABLE = YES;
				IPHONEOS_DEPLOYMENT_TARGET = 15.0;
				MTL_ENABLE_DEBUG_INFO = INCLUDE_SOURCE;
				MTL_FAST_MATH = YES;
				ONLY_ACTIVE_ARCH = YES;
				SDKROOT = iphoneos;
				SWIFT_ACTIVE_COMPILATION_CONDITIONS = DEBUG;
				SWIFT_OPTIMIZATION_LEVEL = "-Onone";
			};
			name = Debug;
		};
		E271532D27A2612A000ADE63 /* Release */ = {
			isa = XCBuildConfiguration;
			buildSettings = {
				ALWAYS_SEARCH_USER_PATHS = NO;
				CLANG_ANALYZER_NONNULL = YES;
				CLANG_ANALYZER_NUMBER_OBJECT_CONVERSION = YES_AGGRESSIVE;
				CLANG_CXX_LANGUAGE_STANDARD = "gnu++17";
				CLANG_CXX_LIBRARY = "libc++";
				CLANG_ENABLE_MODULES = YES;
				CLANG_ENABLE_OBJC_ARC = YES;
				CLANG_ENABLE_OBJC_WEAK = YES;
				CLANG_WARN_BLOCK_CAPTURE_AUTORELEASING = YES;
				CLANG_WARN_BOOL_CONVERSION = YES;
				CLANG_WARN_COMMA = YES;
				CLANG_WARN_CONSTANT_CONVERSION = YES;
				CLANG_WARN_DEPRECATED_OBJC_IMPLEMENTATIONS = YES;
				CLANG_WARN_DIRECT_OBJC_ISA_USAGE = YES_ERROR;
				CLANG_WARN_DOCUMENTATION_COMMENTS = YES;
				CLANG_WARN_EMPTY_BODY = YES;
				CLANG_WARN_ENUM_CONVERSION = YES;
				CLANG_WARN_INFINITE_RECURSION = YES;
				CLANG_WARN_INT_CONVERSION = YES;
				CLANG_WARN_NON_LITERAL_NULL_CONVERSION = YES;
				CLANG_WARN_OBJC_IMPLICIT_RETAIN_SELF = YES;
				CLANG_WARN_OBJC_LITERAL_CONVERSION = YES;
				CLANG_WARN_OBJC_ROOT_CLASS = YES_ERROR;
				CLANG_WARN_QUOTED_INCLUDE_IN_FRAMEWORK_HEADER = YES;
				CLANG_WARN_RANGE_LOOP_ANALYSIS = YES;
				CLANG_WARN_STRICT_PROTOTYPES = YES;
				CLANG_WARN_SUSPICIOUS_MOVE = YES;
				CLANG_WARN_UNGUARDED_AVAILABILITY = YES_AGGRESSIVE;
				CLANG_WARN_UNREACHABLE_CODE = YES;
				CLANG_WARN__DUPLICATE_METHOD_MATCH = YES;
				COPY_PHASE_STRIP = NO;
				DEBUG_INFORMATION_FORMAT = "dwarf-with-dsym";
				ENABLE_NS_ASSERTIONS = NO;
				ENABLE_STRICT_OBJC_MSGSEND = YES;
				GCC_C_LANGUAGE_STANDARD = gnu11;
				GCC_NO_COMMON_BLOCKS = YES;
				GCC_WARN_64_TO_32_BIT_CONVERSION = YES;
				GCC_WARN_ABOUT_RETURN_TYPE = YES_ERROR;
				GCC_WARN_UNDECLARED_SELECTOR = YES;
				GCC_WARN_UNINITIALIZED_AUTOS = YES_AGGRESSIVE;
				GCC_WARN_UNUSED_FUNCTION = YES;
				GCC_WARN_UNUSED_VARIABLE = YES;
				IPHONEOS_DEPLOYMENT_TARGET = 15.0;
				MTL_ENABLE_DEBUG_INFO = NO;
				MTL_FAST_MATH = YES;
				SDKROOT = iphoneos;
				SWIFT_COMPILATION_MODE = wholemodule;
				SWIFT_OPTIMIZATION_LEVEL = "-O";
				VALIDATE_PRODUCT = YES;
			};
			name = Release;
		};
		E271532F27A2612A000ADE63 /* Debug */ = {
			isa = XCBuildConfiguration;
			baseConfigurationReference = E4FF5B4D757F3CA46E0CE23A /* Pods-travelPlanner.debug.xcconfig */;
			buildSettings = {
				ASSETCATALOG_COMPILER_APPICON_NAME = AppIcon;
				ASSETCATALOG_COMPILER_GLOBAL_ACCENT_COLOR_NAME = AccentColor;
				CODE_SIGN_STYLE = Automatic;
				CURRENT_PROJECT_VERSION = 1;
				DEVELOPMENT_TEAM = Q2NB997JDV;
				GENERATE_INFOPLIST_FILE = YES;
				INFOPLIST_FILE = travelPlanner/Info.plist;
				INFOPLIST_KEY_UIApplicationSupportsIndirectInputEvents = YES;
				INFOPLIST_KEY_UILaunchStoryboardName = LaunchScreen;
				INFOPLIST_KEY_UIMainStoryboardFile = Main;
				INFOPLIST_KEY_UISupportedInterfaceOrientations_iPad = "UIInterfaceOrientationPortrait UIInterfaceOrientationPortraitUpsideDown UIInterfaceOrientationLandscapeLeft UIInterfaceOrientationLandscapeRight";
				INFOPLIST_KEY_UISupportedInterfaceOrientations_iPhone = "UIInterfaceOrientationPortrait UIInterfaceOrientationLandscapeLeft UIInterfaceOrientationLandscapeRight";
				LD_RUNPATH_SEARCH_PATHS = (
					"$(inherited)",
					"@executable_path/Frameworks",
				);
				MARKETING_VERSION = 1.0;
				PRODUCT_BUNDLE_IDENTIFIER = com.str.travelPlanner;
				PRODUCT_NAME = "$(TARGET_NAME)";
				SWIFT_EMIT_LOC_STRINGS = YES;
				SWIFT_VERSION = 5.0;
				TARGETED_DEVICE_FAMILY = "1,2";
			};
			name = Debug;
		};
		E271533027A2612A000ADE63 /* Release */ = {
			isa = XCBuildConfiguration;
			baseConfigurationReference = D6F9D5C7849B9CDF60F675B4 /* Pods-travelPlanner.release.xcconfig */;
			buildSettings = {
				ASSETCATALOG_COMPILER_APPICON_NAME = AppIcon;
				ASSETCATALOG_COMPILER_GLOBAL_ACCENT_COLOR_NAME = AccentColor;
				CODE_SIGN_STYLE = Automatic;
				CURRENT_PROJECT_VERSION = 1;
				DEVELOPMENT_TEAM = Q2NB997JDV;
				GENERATE_INFOPLIST_FILE = YES;
				INFOPLIST_FILE = travelPlanner/Info.plist;
				INFOPLIST_KEY_UIApplicationSupportsIndirectInputEvents = YES;
				INFOPLIST_KEY_UILaunchStoryboardName = LaunchScreen;
				INFOPLIST_KEY_UIMainStoryboardFile = Main;
				INFOPLIST_KEY_UISupportedInterfaceOrientations_iPad = "UIInterfaceOrientationPortrait UIInterfaceOrientationPortraitUpsideDown UIInterfaceOrientationLandscapeLeft UIInterfaceOrientationLandscapeRight";
				INFOPLIST_KEY_UISupportedInterfaceOrientations_iPhone = "UIInterfaceOrientationPortrait UIInterfaceOrientationLandscapeLeft UIInterfaceOrientationLandscapeRight";
				LD_RUNPATH_SEARCH_PATHS = (
					"$(inherited)",
					"@executable_path/Frameworks",
				);
				MARKETING_VERSION = 1.0;
				PRODUCT_BUNDLE_IDENTIFIER = com.str.travelPlanner;
				PRODUCT_NAME = "$(TARGET_NAME)";
				SWIFT_EMIT_LOC_STRINGS = YES;
				SWIFT_VERSION = 5.0;
				TARGETED_DEVICE_FAMILY = "1,2";
			};
			name = Release;
		};
		E271533227A2612A000ADE63 /* Debug */ = {
			isa = XCBuildConfiguration;
			baseConfigurationReference = 7557131C1B74E7C8F9EDF035 /* Pods-travelPlannerTests.debug.xcconfig */;
			buildSettings = {
				ALWAYS_EMBED_SWIFT_STANDARD_LIBRARIES = YES;
				BUNDLE_LOADER = "$(TEST_HOST)";
				CODE_SIGN_STYLE = Automatic;
				CURRENT_PROJECT_VERSION = 1;
				DEVELOPMENT_TEAM = Q2NB997JDV;
				GENERATE_INFOPLIST_FILE = YES;
				IPHONEOS_DEPLOYMENT_TARGET = 15.0;
				LD_RUNPATH_SEARCH_PATHS = (
					"$(inherited)",
					"@executable_path/Frameworks",
					"@loader_path/Frameworks",
				);
				MARKETING_VERSION = 1.0;
				PRODUCT_BUNDLE_IDENTIFIER = com.str.travelPlannerTests;
				PRODUCT_NAME = "$(TARGET_NAME)";
				SWIFT_EMIT_LOC_STRINGS = NO;
				SWIFT_VERSION = 5.0;
				TARGETED_DEVICE_FAMILY = "1,2";
				TEST_HOST = "$(BUILT_PRODUCTS_DIR)/travelPlanner.app/travelPlanner";
			};
			name = Debug;
		};
		E271533327A2612A000ADE63 /* Release */ = {
			isa = XCBuildConfiguration;
			baseConfigurationReference = 57CCD689BA468A9F828721E3 /* Pods-travelPlannerTests.release.xcconfig */;
			buildSettings = {
				ALWAYS_EMBED_SWIFT_STANDARD_LIBRARIES = YES;
				BUNDLE_LOADER = "$(TEST_HOST)";
				CODE_SIGN_STYLE = Automatic;
				CURRENT_PROJECT_VERSION = 1;
				DEVELOPMENT_TEAM = Q2NB997JDV;
				GENERATE_INFOPLIST_FILE = YES;
				IPHONEOS_DEPLOYMENT_TARGET = 15.0;
				LD_RUNPATH_SEARCH_PATHS = (
					"$(inherited)",
					"@executable_path/Frameworks",
					"@loader_path/Frameworks",
				);
				MARKETING_VERSION = 1.0;
				PRODUCT_BUNDLE_IDENTIFIER = com.str.travelPlannerTests;
				PRODUCT_NAME = "$(TARGET_NAME)";
				SWIFT_EMIT_LOC_STRINGS = NO;
				SWIFT_VERSION = 5.0;
				TARGETED_DEVICE_FAMILY = "1,2";
				TEST_HOST = "$(BUILT_PRODUCTS_DIR)/travelPlanner.app/travelPlanner";
			};
			name = Release;
		};
		E271533527A2612A000ADE63 /* Debug */ = {
			isa = XCBuildConfiguration;
			baseConfigurationReference = 96190EAEF7C15CE39E074992 /* Pods-travelPlanner-travelPlannerUITests.debug.xcconfig */;
			buildSettings = {
				ALWAYS_EMBED_SWIFT_STANDARD_LIBRARIES = YES;
				CODE_SIGN_STYLE = Automatic;
				CURRENT_PROJECT_VERSION = 1;
				DEVELOPMENT_TEAM = Q2NB997JDV;
				GENERATE_INFOPLIST_FILE = YES;
				LD_RUNPATH_SEARCH_PATHS = (
					"$(inherited)",
					"@executable_path/Frameworks",
					"@loader_path/Frameworks",
				);
				MARKETING_VERSION = 1.0;
				PRODUCT_BUNDLE_IDENTIFIER = com.str.travelPlannerUITests;
				PRODUCT_NAME = "$(TARGET_NAME)";
				SWIFT_EMIT_LOC_STRINGS = NO;
				SWIFT_VERSION = 5.0;
				TARGETED_DEVICE_FAMILY = "1,2";
				TEST_TARGET_NAME = travelPlanner;
			};
			name = Debug;
		};
		E271533627A2612A000ADE63 /* Release */ = {
			isa = XCBuildConfiguration;
			baseConfigurationReference = A12056938314E0C11A2D8481 /* Pods-travelPlanner-travelPlannerUITests.release.xcconfig */;
			buildSettings = {
				ALWAYS_EMBED_SWIFT_STANDARD_LIBRARIES = YES;
				CODE_SIGN_STYLE = Automatic;
				CURRENT_PROJECT_VERSION = 1;
				DEVELOPMENT_TEAM = Q2NB997JDV;
				GENERATE_INFOPLIST_FILE = YES;
				LD_RUNPATH_SEARCH_PATHS = (
					"$(inherited)",
					"@executable_path/Frameworks",
					"@loader_path/Frameworks",
				);
				MARKETING_VERSION = 1.0;
				PRODUCT_BUNDLE_IDENTIFIER = com.str.travelPlannerUITests;
				PRODUCT_NAME = "$(TARGET_NAME)";
				SWIFT_EMIT_LOC_STRINGS = NO;
				SWIFT_VERSION = 5.0;
				TARGETED_DEVICE_FAMILY = "1,2";
				TEST_TARGET_NAME = travelPlanner;
			};
			name = Release;
		};
/* End XCBuildConfiguration section */

/* Begin XCConfigurationList section */
		E27152FC27A26127000ADE63 /* Build configuration list for PBXProject "travelPlanner" */ = {
			isa = XCConfigurationList;
			buildConfigurations = (
				E271532C27A2612A000ADE63 /* Debug */,
				E271532D27A2612A000ADE63 /* Release */,
			);
			defaultConfigurationIsVisible = 0;
			defaultConfigurationName = Release;
		};
		E271532E27A2612A000ADE63 /* Build configuration list for PBXNativeTarget "travelPlanner" */ = {
			isa = XCConfigurationList;
			buildConfigurations = (
				E271532F27A2612A000ADE63 /* Debug */,
				E271533027A2612A000ADE63 /* Release */,
			);
			defaultConfigurationIsVisible = 0;
			defaultConfigurationName = Release;
		};
		E271533127A2612A000ADE63 /* Build configuration list for PBXNativeTarget "travelPlannerTests" */ = {
			isa = XCConfigurationList;
			buildConfigurations = (
				E271533227A2612A000ADE63 /* Debug */,
				E271533327A2612A000ADE63 /* Release */,
			);
			defaultConfigurationIsVisible = 0;
			defaultConfigurationName = Release;
		};
		E271533427A2612A000ADE63 /* Build configuration list for PBXNativeTarget "travelPlannerUITests" */ = {
			isa = XCConfigurationList;
			buildConfigurations = (
				E271533527A2612A000ADE63 /* Debug */,
				E271533627A2612A000ADE63 /* Release */,
			);
			defaultConfigurationIsVisible = 0;
			defaultConfigurationName = Release;
		};
/* End XCConfigurationList section */

/* Begin XCVersionGroup section */
		E271530D27A26127000ADE63 /* travelPlanner.xcdatamodeld */ = {
			isa = XCVersionGroup;
			children = (
				E271530E27A26127000ADE63 /* travelPlanner.xcdatamodel */,
			);
			currentVersion = E271530E27A26127000ADE63 /* travelPlanner.xcdatamodel */;
			path = travelPlanner.xcdatamodeld;
			sourceTree = "<group>";
			versionGroupType = wrapper.xcdatamodel;
		};
/* End XCVersionGroup section */
	};
	rootObject = E27152F927A26127000ADE63 /* Project object */;
}
